// !$*UTF8*$!
{
	archiveVersion = 1;
	classes = {
	};
	objectVersion = 51;
	objects = {

/* Begin PBXBuildFile section */
		2E8A49C5B22437FD543036FD /* Pods_flixter.framework in Frameworks */ = {isa = PBXBuildFile; fileRef = BFB90663267B97371A8148D1 /* Pods_flixter.framework */; };
		6C2FE23A767D3386FF0C4DDC /* Pods_flixter_flixterUITests.framework in Frameworks */ = {isa = PBXBuildFile; fileRef = 7A015BD300360B529E633CFF /* Pods_flixter_flixterUITests.framework */; };
		7804FC1325E16C8A00C7C6D1 /* AppDelegate.swift in Sources */ = {isa = PBXBuildFile; fileRef = 7804FC1225E16C8A00C7C6D1 /* AppDelegate.swift */; };
		7804FC1525E16C8A00C7C6D1 /* SceneDelegate.swift in Sources */ = {isa = PBXBuildFile; fileRef = 7804FC1425E16C8A00C7C6D1 /* SceneDelegate.swift */; };
		7804FC1A25E16C8A00C7C6D1 /* Main.storyboard in Resources */ = {isa = PBXBuildFile; fileRef = 7804FC1825E16C8A00C7C6D1 /* Main.storyboard */; };
		7804FC1C25E16C8B00C7C6D1 /* Assets.xcassets in Resources */ = {isa = PBXBuildFile; fileRef = 7804FC1B25E16C8B00C7C6D1 /* Assets.xcassets */; };
		7804FC1F25E16C8B00C7C6D1 /* LaunchScreen.storyboard in Resources */ = {isa = PBXBuildFile; fileRef = 7804FC1D25E16C8B00C7C6D1 /* LaunchScreen.storyboard */; };
		7804FC2A25E16C8B00C7C6D1 /* flixterTests.swift in Sources */ = {isa = PBXBuildFile; fileRef = 7804FC2925E16C8B00C7C6D1 /* flixterTests.swift */; };
		7804FC3525E16C8B00C7C6D1 /* flixterUITests.swift in Sources */ = {isa = PBXBuildFile; fileRef = 7804FC3425E16C8B00C7C6D1 /* flixterUITests.swift */; };
		7804FC4625E16E4A00C7C6D1 /* MoviesViewController.swift in Sources */ = {isa = PBXBuildFile; fileRef = 7804FC4525E16E4A00C7C6D1 /* MoviesViewController.swift */; };
		7804FC4E25E17CA800C7C6D1 /* MovieCell.swift in Sources */ = {isa = PBXBuildFile; fileRef = 7804FC4D25E17CA800C7C6D1 /* MovieCell.swift */; };
		7887B63825E6CD9D00AB4E78 /* MovieDetailsViewController.swift in Sources */ = {isa = PBXBuildFile; fileRef = 7887B63725E6CD9D00AB4E78 /* MovieDetailsViewController.swift */; };
		78FF43E125E7029A005D7732 /* MovieGridViewController.swift in Sources */ = {isa = PBXBuildFile; fileRef = 78FF43E025E7029A005D7732 /* MovieGridViewController.swift */; };
		78FF43EB25E707CC005D7732 /* MovieGridCell.swift in Sources */ = {isa = PBXBuildFile; fileRef = 78FF43EA25E707CC005D7732 /* MovieGridCell.swift */; };
		9022E289755AA62E73E9046A /* Pods_flixterTests.framework in Frameworks */ = {isa = PBXBuildFile; fileRef = 674C5798A5F11F14BB635D57 /* Pods_flixterTests.framework */; };
/* End PBXBuildFile section */

/* Begin PBXContainerItemProxy section */
		7804FC2625E16C8B00C7C6D1 /* PBXContainerItemProxy */ = {
			isa = PBXContainerItemProxy;
			containerPortal = 7804FC0725E16C8A00C7C6D1 /* Project object */;
			proxyType = 1;
			remoteGlobalIDString = 7804FC0E25E16C8A00C7C6D1;
			remoteInfo = flixter;
		};
		7804FC3125E16C8B00C7C6D1 /* PBXContainerItemProxy */ = {
			isa = PBXContainerItemProxy;
			containerPortal = 7804FC0725E16C8A00C7C6D1 /* Project object */;
			proxyType = 1;
			remoteGlobalIDString = 7804FC0E25E16C8A00C7C6D1;
			remoteInfo = flixter;
		};
/* End PBXContainerItemProxy section */

/* Begin PBXFileReference section */
		124CF3E015E97F4BD2178E0F /* Pods-flixter.debug.xcconfig */ = {isa = PBXFileReference; includeInIndex = 1; lastKnownFileType = text.xcconfig; name = "Pods-flixter.debug.xcconfig"; path = "Target Support Files/Pods-flixter/Pods-flixter.debug.xcconfig"; sourceTree = "<group>"; };
		406EFC496047FC3B3BC5224E /* Pods-flixterTests.release.xcconfig */ = {isa = PBXFileReference; includeInIndex = 1; lastKnownFileType = text.xcconfig; name = "Pods-flixterTests.release.xcconfig"; path = "Target Support Files/Pods-flixterTests/Pods-flixterTests.release.xcconfig"; sourceTree = "<group>"; };
		65CC8968358216C5EDD46375 /* Pods-flixterTests.debug.xcconfig */ = {isa = PBXFileReference; includeInIndex = 1; lastKnownFileType = text.xcconfig; name = "Pods-flixterTests.debug.xcconfig"; path = "Target Support Files/Pods-flixterTests/Pods-flixterTests.debug.xcconfig"; sourceTree = "<group>"; };
		674C5798A5F11F14BB635D57 /* Pods_flixterTests.framework */ = {isa = PBXFileReference; explicitFileType = wrapper.framework; includeInIndex = 0; path = Pods_flixterTests.framework; sourceTree = BUILT_PRODUCTS_DIR; };
		7804FC0F25E16C8A00C7C6D1 /* flixter.app */ = {isa = PBXFileReference; explicitFileType = wrapper.application; includeInIndex = 0; path = flixter.app; sourceTree = BUILT_PRODUCTS_DIR; };
		7804FC1225E16C8A00C7C6D1 /* AppDelegate.swift */ = {isa = PBXFileReference; lastKnownFileType = sourcecode.swift; path = AppDelegate.swift; sourceTree = "<group>"; };
		7804FC1425E16C8A00C7C6D1 /* SceneDelegate.swift */ = {isa = PBXFileReference; lastKnownFileType = sourcecode.swift; path = SceneDelegate.swift; sourceTree = "<group>"; };
		7804FC1925E16C8A00C7C6D1 /* Base */ = {isa = PBXFileReference; lastKnownFileType = file.storyboard; name = Base; path = Base.lproj/Main.storyboard; sourceTree = "<group>"; };
		7804FC1B25E16C8B00C7C6D1 /* Assets.xcassets */ = {isa = PBXFileReference; lastKnownFileType = folder.assetcatalog; path = Assets.xcassets; sourceTree = "<group>"; };
		7804FC1E25E16C8B00C7C6D1 /* Base */ = {isa = PBXFileReference; lastKnownFileType = file.storyboard; name = Base; path = Base.lproj/LaunchScreen.storyboard; sourceTree = "<group>"; };
		7804FC2025E16C8B00C7C6D1 /* Info.plist */ = {isa = PBXFileReference; lastKnownFileType = text.plist.xml; path = Info.plist; sourceTree = "<group>"; };
		7804FC2525E16C8B00C7C6D1 /* flixterTests.xctest */ = {isa = PBXFileReference; explicitFileType = wrapper.cfbundle; includeInIndex = 0; path = flixterTests.xctest; sourceTree = BUILT_PRODUCTS_DIR; };
		7804FC2925E16C8B00C7C6D1 /* flixterTests.swift */ = {isa = PBXFileReference; lastKnownFileType = sourcecode.swift; path = flixterTests.swift; sourceTree = "<group>"; };
		7804FC2B25E16C8B00C7C6D1 /* Info.plist */ = {isa = PBXFileReference; lastKnownFileType = text.plist.xml; path = Info.plist; sourceTree = "<group>"; };
		7804FC3025E16C8B00C7C6D1 /* flixterUITests.xctest */ = {isa = PBXFileReference; explicitFileType = wrapper.cfbundle; includeInIndex = 0; path = flixterUITests.xctest; sourceTree = BUILT_PRODUCTS_DIR; };
		7804FC3425E16C8B00C7C6D1 /* flixterUITests.swift */ = {isa = PBXFileReference; lastKnownFileType = sourcecode.swift; path = flixterUITests.swift; sourceTree = "<group>"; };
		7804FC3625E16C8B00C7C6D1 /* Info.plist */ = {isa = PBXFileReference; lastKnownFileType = text.plist.xml; path = Info.plist; sourceTree = "<group>"; };
		7804FC4525E16E4A00C7C6D1 /* MoviesViewController.swift */ = {isa = PBXFileReference; lastKnownFileType = sourcecode.swift; path = MoviesViewController.swift; sourceTree = "<group>"; };
		7804FC4D25E17CA800C7C6D1 /* MovieCell.swift */ = {isa = PBXFileReference; lastKnownFileType = sourcecode.swift; path = MovieCell.swift; sourceTree = "<group>"; };
		7887B63725E6CD9D00AB4E78 /* MovieDetailsViewController.swift */ = {isa = PBXFileReference; lastKnownFileType = sourcecode.swift; path = MovieDetailsViewController.swift; sourceTree = "<group>"; };
		78FF43E025E7029A005D7732 /* MovieGridViewController.swift */ = {isa = PBXFileReference; lastKnownFileType = sourcecode.swift; path = MovieGridViewController.swift; sourceTree = "<group>"; };
		78FF43EA25E707CC005D7732 /* MovieGridCell.swift */ = {isa = PBXFileReference; lastKnownFileType = sourcecode.swift; path = MovieGridCell.swift; sourceTree = "<group>"; };
		7A015BD300360B529E633CFF /* Pods_flixter_flixterUITests.framework */ = {isa = PBXFileReference; explicitFileType = wrapper.framework; includeInIndex = 0; path = Pods_flixter_flixterUITests.framework; sourceTree = BUILT_PRODUCTS_DIR; };
		814105683FE617712439C4C4 /* Pods-flixter-flixterUITests.debug.xcconfig */ = {isa = PBXFileReference; includeInIndex = 1; lastKnownFileType = text.xcconfig; name = "Pods-flixter-flixterUITests.debug.xcconfig"; path = "Target Support Files/Pods-flixter-flixterUITests/Pods-flixter-flixterUITests.debug.xcconfig"; sourceTree = "<group>"; };
		8CE4EC82D1145332470DD4F6 /* Pods-flixter.release.xcconfig */ = {isa = PBXFileReference; includeInIndex = 1; lastKnownFileType = text.xcconfig; name = "Pods-flixter.release.xcconfig"; path = "Target Support Files/Pods-flixter/Pods-flixter.release.xcconfig"; sourceTree = "<group>"; };
		950E56E022F08D97A1E47166 /* Pods-flixter-flixterUITests.release.xcconfig */ = {isa = PBXFileReference; includeInIndex = 1; lastKnownFileType = text.xcconfig; name = "Pods-flixter-flixterUITests.release.xcconfig"; path = "Target Support Files/Pods-flixter-flixterUITests/Pods-flixter-flixterUITests.release.xcconfig"; sourceTree = "<group>"; };
		BFB90663267B97371A8148D1 /* Pods_flixter.framework */ = {isa = PBXFileReference; explicitFileType = wrapper.framework; includeInIndex = 0; path = Pods_flixter.framework; sourceTree = BUILT_PRODUCTS_DIR; };
/* End PBXFileReference section */

/* Begin PBXFrameworksBuildPhase section */
		7804FC0C25E16C8A00C7C6D1 /* Frameworks */ = {
			isa = PBXFrameworksBuildPhase;
			buildActionMask = 2147483647;
			files = (
				2E8A49C5B22437FD543036FD /* Pods_flixter.framework in Frameworks */,
			);
			runOnlyForDeploymentPostprocessing = 0;
		};
		7804FC2225E16C8B00C7C6D1 /* Frameworks */ = {
			isa = PBXFrameworksBuildPhase;
			buildActionMask = 2147483647;
			files = (
				9022E289755AA62E73E9046A /* Pods_flixterTests.framework in Frameworks */,
			);
			runOnlyForDeploymentPostprocessing = 0;
		};
		7804FC2D25E16C8B00C7C6D1 /* Frameworks */ = {
			isa = PBXFrameworksBuildPhase;
			buildActionMask = 2147483647;
			files = (
				6C2FE23A767D3386FF0C4DDC /* Pods_flixter_flixterUITests.framework in Frameworks */,
			);
			runOnlyForDeploymentPostprocessing = 0;
		};
/* End PBXFrameworksBuildPhase section */

/* Begin PBXGroup section */
		1ADCA20CFDEF26BFAB9DD1AC /* Pods */ = {
			isa = PBXGroup;
			children = (
				124CF3E015E97F4BD2178E0F /* Pods-flixter.debug.xcconfig */,
				8CE4EC82D1145332470DD4F6 /* Pods-flixter.release.xcconfig */,
				814105683FE617712439C4C4 /* Pods-flixter-flixterUITests.debug.xcconfig */,
				950E56E022F08D97A1E47166 /* Pods-flixter-flixterUITests.release.xcconfig */,
				65CC8968358216C5EDD46375 /* Pods-flixterTests.debug.xcconfig */,
				406EFC496047FC3B3BC5224E /* Pods-flixterTests.release.xcconfig */,
			);
			path = Pods;
			sourceTree = "<group>";
		};
		3A8A1F98769FF34F3E3F090F /* Frameworks */ = {
			isa = PBXGroup;
			children = (
				BFB90663267B97371A8148D1 /* Pods_flixter.framework */,
				7A015BD300360B529E633CFF /* Pods_flixter_flixterUITests.framework */,
				674C5798A5F11F14BB635D57 /* Pods_flixterTests.framework */,
			);
			name = Frameworks;
			sourceTree = "<group>";
		};
		7804FC0625E16C8A00C7C6D1 = {
			isa = PBXGroup;
			children = (
				7804FC1125E16C8A00C7C6D1 /* flixter */,
				7804FC2825E16C8B00C7C6D1 /* flixterTests */,
				7804FC3325E16C8B00C7C6D1 /* flixterUITests */,
				7804FC1025E16C8A00C7C6D1 /* Products */,
				1ADCA20CFDEF26BFAB9DD1AC /* Pods */,
				3A8A1F98769FF34F3E3F090F /* Frameworks */,
			);
			sourceTree = "<group>";
		};
		7804FC1025E16C8A00C7C6D1 /* Products */ = {
			isa = PBXGroup;
			children = (
				7804FC0F25E16C8A00C7C6D1 /* flixter.app */,
				7804FC2525E16C8B00C7C6D1 /* flixterTests.xctest */,
				7804FC3025E16C8B00C7C6D1 /* flixterUITests.xctest */,
			);
			name = Products;
			sourceTree = "<group>";
		};
		7804FC1125E16C8A00C7C6D1 /* flixter */ = {
			isa = PBXGroup;
			children = (
				7804FC1225E16C8A00C7C6D1 /* AppDelegate.swift */,
				7804FC1425E16C8A00C7C6D1 /* SceneDelegate.swift */,
				7804FC1825E16C8A00C7C6D1 /* Main.storyboard */,
				78FF43EA25E707CC005D7732 /* MovieGridCell.swift */,
				78FF43E025E7029A005D7732 /* MovieGridViewController.swift */,
				7887B63725E6CD9D00AB4E78 /* MovieDetailsViewController.swift */,
				7804FC1B25E16C8B00C7C6D1 /* Assets.xcassets */,
				7804FC1D25E16C8B00C7C6D1 /* LaunchScreen.storyboard */,
				7804FC2025E16C8B00C7C6D1 /* Info.plist */,
				7804FC4525E16E4A00C7C6D1 /* MoviesViewController.swift */,
				7804FC4D25E17CA800C7C6D1 /* MovieCell.swift */,
			);
			path = flixter;
			sourceTree = "<group>";
		};
		7804FC2825E16C8B00C7C6D1 /* flixterTests */ = {
			isa = PBXGroup;
			children = (
				7804FC2925E16C8B00C7C6D1 /* flixterTests.swift */,
				7804FC2B25E16C8B00C7C6D1 /* Info.plist */,
			);
			path = flixterTests;
			sourceTree = "<group>";
		};
		7804FC3325E16C8B00C7C6D1 /* flixterUITests */ = {
			isa = PBXGroup;
			children = (
				7804FC3425E16C8B00C7C6D1 /* flixterUITests.swift */,
				7804FC3625E16C8B00C7C6D1 /* Info.plist */,
			);
			path = flixterUITests;
			sourceTree = "<group>";
		};
/* End PBXGroup section */

/* Begin PBXNativeTarget section */
		7804FC0E25E16C8A00C7C6D1 /* flixter */ = {
			isa = PBXNativeTarget;
			buildConfigurationList = 7804FC3925E16C8B00C7C6D1 /* Build configuration list for PBXNativeTarget "flixter" */;
			buildPhases = (
				4E07F9E55B75F64FFCDA9F6B /* [CP] Check Pods Manifest.lock */,
				7804FC0B25E16C8A00C7C6D1 /* Sources */,
				7804FC0C25E16C8A00C7C6D1 /* Frameworks */,
				7804FC0D25E16C8A00C7C6D1 /* Resources */,
				DD66EEA3916BD8C8DB74E6CB /* [CP] Embed Pods Frameworks */,
			);
			buildRules = (
			);
			dependencies = (
			);
			name = flixter;
			productName = flixter;
			productReference = 7804FC0F25E16C8A00C7C6D1 /* flixter.app */;
			productType = "com.apple.product-type.application";
		};
		7804FC2425E16C8B00C7C6D1 /* flixterTests */ = {
			isa = PBXNativeTarget;
			buildConfigurationList = 7804FC3C25E16C8B00C7C6D1 /* Build configuration list for PBXNativeTarget "flixterTests" */;
			buildPhases = (
				CEAB646E2C6BED03D4D53AA0 /* [CP] Check Pods Manifest.lock */,
				7804FC2125E16C8B00C7C6D1 /* Sources */,
				7804FC2225E16C8B00C7C6D1 /* Frameworks */,
				7804FC2325E16C8B00C7C6D1 /* Resources */,
			);
			buildRules = (
			);
			dependencies = (
				7804FC2725E16C8B00C7C6D1 /* PBXTargetDependency */,
			);
			name = flixterTests;
			productName = flixterTests;
			productReference = 7804FC2525E16C8B00C7C6D1 /* flixterTests.xctest */;
			productType = "com.apple.product-type.bundle.unit-test";
		};
		7804FC2F25E16C8B00C7C6D1 /* flixterUITests */ = {
			isa = PBXNativeTarget;
			buildConfigurationList = 7804FC3F25E16C8B00C7C6D1 /* Build configuration list for PBXNativeTarget "flixterUITests" */;
			buildPhases = (
				26DF56026B3E75A7B29AA932 /* [CP] Check Pods Manifest.lock */,
				7804FC2C25E16C8B00C7C6D1 /* Sources */,
				7804FC2D25E16C8B00C7C6D1 /* Frameworks */,
				7804FC2E25E16C8B00C7C6D1 /* Resources */,
				9FDB6665FD1F90D9E427417F /* [CP] Embed Pods Frameworks */,
			);
			buildRules = (
			);
			dependencies = (
				7804FC3225E16C8B00C7C6D1 /* PBXTargetDependency */,
			);
			name = flixterUITests;
			productName = flixterUITests;
			productReference = 7804FC3025E16C8B00C7C6D1 /* flixterUITests.xctest */;
			productType = "com.apple.product-type.bundle.ui-testing";
		};
/* End PBXNativeTarget section */

/* Begin PBXProject section */
		7804FC0725E16C8A00C7C6D1 /* Project object */ = {
			isa = PBXProject;
			attributes = {
				LastSwiftUpdateCheck = 1240;
				LastUpgradeCheck = 1240;
				TargetAttributes = {
					7804FC0E25E16C8A00C7C6D1 = {
						CreatedOnToolsVersion = 12.4;
					};
					7804FC2425E16C8B00C7C6D1 = {
						CreatedOnToolsVersion = 12.4;
						TestTargetID = 7804FC0E25E16C8A00C7C6D1;
					};
					7804FC2F25E16C8B00C7C6D1 = {
						CreatedOnToolsVersion = 12.4;
						TestTargetID = 7804FC0E25E16C8A00C7C6D1;
					};
				};
			};
			buildConfigurationList = 7804FC0A25E16C8A00C7C6D1 /* Build configuration list for PBXProject "flixter" */;
			compatibilityVersion = "Xcode 9.3";
			developmentRegion = en;
			hasScannedForEncodings = 0;
			knownRegions = (
				en,
				Base,
			);
			mainGroup = 7804FC0625E16C8A00C7C6D1;
			productRefGroup = 7804FC1025E16C8A00C7C6D1 /* Products */;
			projectDirPath = "";
			projectRoot = "";
			targets = (
				7804FC0E25E16C8A00C7C6D1 /* flixter */,
				7804FC2425E16C8B00C7C6D1 /* flixterTests */,
				7804FC2F25E16C8B00C7C6D1 /* flixterUITests */,
			);
		};
/* End PBXProject section */

/* Begin PBXResourcesBuildPhase section */
		7804FC0D25E16C8A00C7C6D1 /* Resources */ = {
			isa = PBXResourcesBuildPhase;
			buildActionMask = 2147483647;
			files = (
				7804FC1F25E16C8B00C7C6D1 /* LaunchScreen.storyboard in Resources */,
				7804FC1C25E16C8B00C7C6D1 /* Assets.xcassets in Resources */,
				7804FC1A25E16C8A00C7C6D1 /* Main.storyboard in Resources */,
			);
			runOnlyForDeploymentPostprocessing = 0;
		};
		7804FC2325E16C8B00C7C6D1 /* Resources */ = {
			isa = PBXResourcesBuildPhase;
			buildActionMask = 2147483647;
			files = (
			);
			runOnlyForDeploymentPostprocessing = 0;
		};
		7804FC2E25E16C8B00C7C6D1 /* Resources */ = {
			isa = PBXResourcesBuildPhase;
			buildActionMask = 2147483647;
			files = (
			);
			runOnlyForDeploymentPostprocessing = 0;
		};
/* End PBXResourcesBuildPhase section */

/* Begin PBXShellScriptBuildPhase section */
		26DF56026B3E75A7B29AA932 /* [CP] Check Pods Manifest.lock */ = {
			isa = PBXShellScriptBuildPhase;
			buildActionMask = 2147483647;
			files = (
			);
			inputFileListPaths = (
			);
			inputPaths = (
				"${PODS_PODFILE_DIR_PATH}/Podfile.lock",
				"${PODS_ROOT}/Manifest.lock",
			);
			name = "[CP] Check Pods Manifest.lock";
			outputFileListPaths = (
			);
			outputPaths = (
				"$(DERIVED_FILE_DIR)/Pods-flixter-flixterUITests-checkManifestLockResult.txt",
			);
			runOnlyForDeploymentPostprocessing = 0;
			shellPath = /bin/sh;
			shellScript = "diff \"${PODS_PODFILE_DIR_PATH}/Podfile.lock\" \"${PODS_ROOT}/Manifest.lock\" > /dev/null\nif [ $? != 0 ] ; then\n    # print error to STDERR\n    echo \"error: The sandbox is not in sync with the Podfile.lock. Run 'pod install' or update your CocoaPods installation.\" >&2\n    exit 1\nfi\n# This output is used by Xcode 'outputs' to avoid re-running this script phase.\necho \"SUCCESS\" > \"${SCRIPT_OUTPUT_FILE_0}\"\n";
			showEnvVarsInLog = 0;
		};
		4E07F9E55B75F64FFCDA9F6B /* [CP] Check Pods Manifest.lock */ = {
			isa = PBXShellScriptBuildPhase;
			buildActionMask = 2147483647;
			files = (
			);
			inputFileListPaths = (
			);
			inputPaths = (
				"${PODS_PODFILE_DIR_PATH}/Podfile.lock",
				"${PODS_ROOT}/Manifest.lock",
			);
			name = "[CP] Check Pods Manifest.lock";
			outputFileListPaths = (
			);
			outputPaths = (
				"$(DERIVED_FILE_DIR)/Pods-flixter-checkManifestLockResult.txt",
			);
			runOnlyForDeploymentPostprocessing = 0;
			shellPath = /bin/sh;
			shellScript = "diff \"${PODS_PODFILE_DIR_PATH}/Podfile.lock\" \"${PODS_ROOT}/Manifest.lock\" > /dev/null\nif [ $? != 0 ] ; then\n    # print error to STDERR\n    echo \"error: The sandbox is not in sync with the Podfile.lock. Run 'pod install' or update your CocoaPods installation.\" >&2\n    exit 1\nfi\n# This output is used by Xcode 'outputs' to avoid re-running this script phase.\necho \"SUCCESS\" > \"${SCRIPT_OUTPUT_FILE_0}\"\n";
			showEnvVarsInLog = 0;
		};
		9FDB6665FD1F90D9E427417F /* [CP] Embed Pods Frameworks */ = {
			isa = PBXShellScriptBuildPhase;
			buildActionMask = 2147483647;
			files = (
			);
			inputFileListPaths = (
				"${PODS_ROOT}/Target Support Files/Pods-flixter-flixterUITests/Pods-flixter-flixterUITests-frameworks-${CONFIGURATION}-input-files.xcfilelist",
			);
			name = "[CP] Embed Pods Frameworks";
			outputFileListPaths = (
				"${PODS_ROOT}/Target Support Files/Pods-flixter-flixterUITests/Pods-flixter-flixterUITests-frameworks-${CONFIGURATION}-output-files.xcfilelist",
			);
			runOnlyForDeploymentPostprocessing = 0;
			shellPath = /bin/sh;
			shellScript = "\"${PODS_ROOT}/Target Support Files/Pods-flixter-flixterUITests/Pods-flixter-flixterUITests-frameworks.sh\"\n";
			showEnvVarsInLog = 0;
		};
		CEAB646E2C6BED03D4D53AA0 /* [CP] Check Pods Manifest.lock */ = {
			isa = PBXShellScriptBuildPhase;
			buildActionMask = 2147483647;
			files = (
			);
			inputFileListPaths = (
			);
			inputPaths = (
				"${PODS_PODFILE_DIR_PATH}/Podfile.lock",
				"${PODS_ROOT}/Manifest.lock",
			);
			name = "[CP] Check Pods Manifest.lock";
			outputFileListPaths = (
			);
			outputPaths = (
				"$(DERIVED_FILE_DIR)/Pods-flixterTests-checkManifestLockResult.txt",
			);
			runOnlyForDeploymentPostprocessing = 0;
			shellPath = /bin/sh;
			shellScript = "diff \"${PODS_PODFILE_DIR_PATH}/Podfile.lock\" \"${PODS_ROOT}/Manifest.lock\" > /dev/null\nif [ $? != 0 ] ; then\n    # print error to STDERR\n    echo \"error: The sandbox is not in sync with the Podfile.lock. Run 'pod install' or update your CocoaPods installation.\" >&2\n    exit 1\nfi\n# This output is used by Xcode 'outputs' to avoid re-running this script phase.\necho \"SUCCESS\" > \"${SCRIPT_OUTPUT_FILE_0}\"\n";
			showEnvVarsInLog = 0;
		};
		DD66EEA3916BD8C8DB74E6CB /* [CP] Embed Pods Frameworks */ = {
			isa = PBXShellScriptBuildPhase;
			buildActionMask = 2147483647;
			files = (
			);
			inputFileListPaths = (
				"${PODS_ROOT}/Target Support Files/Pods-flixter/Pods-flixter-frameworks-${CONFIGURATION}-input-files.xcfilelist",
			);
			name = "[CP] Embed Pods Frameworks";
			outputFileListPaths = (
				"${PODS_ROOT}/Target Support Files/Pods-flixter/Pods-flixter-frameworks-${CONFIGURATION}-output-files.xcfilelist",
			);
			runOnlyForDeploymentPostprocessing = 0;
			shellPath = /bin/sh;
			shellScript = "\"${PODS_ROOT}/Target Support Files/Pods-flixter/Pods-flixter-frameworks.sh\"\n";
			showEnvVarsInLog = 0;
		};
/* End PBXShellScriptBuildPhase section */

/* Begin PBXSourcesBuildPhase section */
		7804FC0B25E16C8A00C7C6D1 /* Sources */ = {
			isa = PBXSourcesBuildPhase;
			buildActionMask = 2147483647;
			files = (
				7887B63825E6CD9D00AB4E78 /* MovieDetailsViewController.swift in Sources */,
				7804FC1325E16C8A00C7C6D1 /* AppDelegate.swift in Sources */,
				7804FC1525E16C8A00C7C6D1 /* SceneDelegate.swift in Sources */,
				7804FC4E25E17CA800C7C6D1 /* MovieCell.swift in Sources */,
				7804FC4625E16E4A00C7C6D1 /* MoviesViewController.swift in Sources */,
				78FF43E125E7029A005D7732 /* MovieGridViewController.swift in Sources */,
				78FF43EB25E707CC005D7732 /* MovieGridCell.swift in Sources */,
			);
			runOnlyForDeploymentPostprocessing = 0;
		};
		7804FC2125E16C8B00C7C6D1 /* Sources */ = {
			isa = PBXSourcesBuildPhase;
			buildActionMask = 2147483647;
			files = (
				7804FC2A25E16C8B00C7C6D1 /* flixterTests.swift in Sources */,
			);
			runOnlyForDeploymentPostprocessing = 0;
		};
		7804FC2C25E16C8B00C7C6D1 /* Sources */ = {
			isa = PBXSourcesBuildPhase;
			buildActionMask = 2147483647;
			files = (
				7804FC3525E16C8B00C7C6D1 /* flixterUITests.swift in Sources */,
			);
			runOnlyForDeploymentPostprocessing = 0;
		};
/* End PBXSourcesBuildPhase section */

/* Begin PBXTargetDependency section */
		7804FC2725E16C8B00C7C6D1 /* PBXTargetDependency */ = {
			isa = PBXTargetDependency;
			target = 7804FC0E25E16C8A00C7C6D1 /* flixter */;
			targetProxy = 7804FC2625E16C8B00C7C6D1 /* PBXContainerItemProxy */;
		};
		7804FC3225E16C8B00C7C6D1 /* PBXTargetDependency */ = {
			isa = PBXTargetDependency;
			target = 7804FC0E25E16C8A00C7C6D1 /* flixter */;
			targetProxy = 7804FC3125E16C8B00C7C6D1 /* PBXContainerItemProxy */;
		};
/* End PBXTargetDependency section */

/* Begin PBXVariantGroup section */
		7804FC1825E16C8A00C7C6D1 /* Main.storyboard */ = {
			isa = PBXVariantGroup;
			children = (
				7804FC1925E16C8A00C7C6D1 /* Base */,
			);
			name = Main.storyboard;
			sourceTree = "<group>";
		};
		7804FC1D25E16C8B00C7C6D1 /* LaunchScreen.storyboard */ = {
			isa = PBXVariantGroup;
			children = (
				7804FC1E25E16C8B00C7C6D1 /* Base */,
			);
			name = LaunchScreen.storyboard;
			sourceTree = "<group>";
		};
/* End PBXVariantGroup section */

/* Begin XCBuildConfiguration section */
		7804FC3725E16C8B00C7C6D1 /* Debug */ = {
			isa = XCBuildConfiguration;
			buildSettings = {
				ALWAYS_SEARCH_USER_PATHS = NO;
				CLANG_ANALYZER_NONNULL = YES;
				CLANG_ANALYZER_NUMBER_OBJECT_CONVERSION = YES_AGGRESSIVE;
				CLANG_CXX_LANGUAGE_STANDARD = "gnu++14";
				CLANG_CXX_LIBRARY = "libc++";
				CLANG_ENABLE_MODULES = YES;
				CLANG_ENABLE_OBJC_ARC = YES;
				CLANG_ENABLE_OBJC_WEAK = YES;
				CLANG_WARN_BLOCK_CAPTURE_AUTORELEASING = YES;
				CLANG_WARN_BOOL_CONVERSION = YES;
				CLANG_WARN_COMMA = YES;
				CLANG_WARN_CONSTANT_CONVERSION = YES;
				CLANG_WARN_DEPRECATED_OBJC_IMPLEMENTATIONS = YES;
				CLANG_WARN_DIRECT_OBJC_ISA_USAGE = YES_ERROR;
				CLANG_WARN_DOCUMENTATION_COMMENTS = YES;
				CLANG_WARN_EMPTY_BODY = YES;
				CLANG_WARN_ENUM_CONVERSION = YES;
				CLANG_WARN_INFINITE_RECURSION = YES;
				CLANG_WARN_INT_CONVERSION = YES;
				CLANG_WARN_NON_LITERAL_NULL_CONVERSION = YES;
				CLANG_WARN_OBJC_IMPLICIT_RETAIN_SELF = YES;
				CLANG_WARN_OBJC_LITERAL_CONVERSION = YES;
				CLANG_WARN_OBJC_ROOT_CLASS = YES_ERROR;
				CLANG_WARN_QUOTED_INCLUDE_IN_FRAMEWORK_HEADER = YES;
				CLANG_WARN_RANGE_LOOP_ANALYSIS = YES;
				CLANG_WARN_STRICT_PROTOTYPES = YES;
				CLANG_WARN_SUSPICIOUS_MOVE = YES;
				CLANG_WARN_UNGUARDED_AVAILABILITY = YES_AGGRESSIVE;
				CLANG_WARN_UNREACHABLE_CODE = YES;
				CLANG_WARN__DUPLICATE_METHOD_MATCH = YES;
				COPY_PHASE_STRIP = NO;
				DEBUG_INFORMATION_FORMAT = dwarf;
				ENABLE_STRICT_OBJC_MSGSEND = YES;
				ENABLE_TESTABILITY = YES;
				GCC_C_LANGUAGE_STANDARD = gnu11;
				GCC_DYNAMIC_NO_PIC = NO;
				GCC_NO_COMMON_BLOCKS = YES;
				GCC_OPTIMIZATION_LEVEL = 0;
				GCC_PREPROCESSOR_DEFINITIONS = (
					"DEBUG=1",
					"$(inherited)",
				);
				GCC_WARN_64_TO_32_BIT_CONVERSION = YES;
				GCC_WARN_ABOUT_RETURN_TYPE = YES_ERROR;
				GCC_WARN_UNDECLARED_SELECTOR = YES;
				GCC_WARN_UNINITIALIZED_AUTOS = YES_AGGRESSIVE;
				GCC_WARN_UNUSED_FUNCTION = YES;
				GCC_WARN_UNUSED_VARIABLE = YES;
				IPHONEOS_DEPLOYMENT_TARGET = 14.4;
				MTL_ENABLE_DEBUG_INFO = INCLUDE_SOURCE;
				MTL_FAST_MATH = YES;
				ONLY_ACTIVE_ARCH = YES;
				SDKROOT = iphoneos;
				SWIFT_ACTIVE_COMPILATION_CONDITIONS = DEBUG;
				SWIFT_OPTIMIZATION_LEVEL = "-Onone";
			};
			name = Debug;
		};
		7804FC3825E16C8B00C7C6D1 /* Release */ = {
			isa = XCBuildConfiguration;
			buildSettings = {
				ALWAYS_SEARCH_USER_PATHS = NO;
				CLANG_ANALYZER_NONNULL = YES;
				CLANG_ANALYZER_NUMBER_OBJECT_CONVERSION = YES_AGGRESSIVE;
				CLANG_CXX_LANGUAGE_STANDARD = "gnu++14";
				CLANG_CXX_LIBRARY = "libc++";
				CLANG_ENABLE_MODULES = YES;
				CLANG_ENABLE_OBJC_ARC = YES;
				CLANG_ENABLE_OBJC_WEAK = YES;
				CLANG_WARN_BLOCK_CAPTURE_AUTORELEASING = YES;
				CLANG_WARN_BOOL_CONVERSION = YES;
				CLANG_WARN_COMMA = YES;
				CLANG_WARN_CONSTANT_CONVERSION = YES;
				CLANG_WARN_DEPRECATED_OBJC_IMPLEMENTATIONS = YES;
				CLANG_WARN_DIRECT_OBJC_ISA_USAGE = YES_ERROR;
				CLANG_WARN_DOCUMENTATION_COMMENTS = YES;
				CLANG_WARN_EMPTY_BODY = YES;
				CLANG_WARN_ENUM_CONVERSION = YES;
				CLANG_WARN_INFINITE_RECURSION = YES;
				CLANG_WARN_INT_CONVERSION = YES;
				CLANG_WARN_NON_LITERAL_NULL_CONVERSION = YES;
				CLANG_WARN_OBJC_IMPLICIT_RETAIN_SELF = YES;
				CLANG_WARN_OBJC_LITERAL_CONVERSION = YES;
				CLANG_WARN_OBJC_ROOT_CLASS = YES_ERROR;
				CLANG_WARN_QUOTED_INCLUDE_IN_FRAMEWORK_HEADER = YES;
				CLANG_WARN_RANGE_LOOP_ANALYSIS = YES;
				CLANG_WARN_STRICT_PROTOTYPES = YES;
				CLANG_WARN_SUSPICIOUS_MOVE = YES;
				CLANG_WARN_UNGUARDED_AVAILABILITY = YES_AGGRESSIVE;
				CLANG_WARN_UNREACHABLE_CODE = YES;
				CLANG_WARN__DUPLICATE_METHOD_MATCH = YES;
				COPY_PHASE_STRIP = NO;
				DEBUG_INFORMATION_FORMAT = "dwarf-with-dsym";
				ENABLE_NS_ASSERTIONS = NO;
				ENABLE_STRICT_OBJC_MSGSEND = YES;
				GCC_C_LANGUAGE_STANDARD = gnu11;
				GCC_NO_COMMON_BLOCKS = YES;
				GCC_WARN_64_TO_32_BIT_CONVERSION = YES;
				GCC_WARN_ABOUT_RETURN_TYPE = YES_ERROR;
				GCC_WARN_UNDECLARED_SELECTOR = YES;
				GCC_WARN_UNINITIALIZED_AUTOS = YES_AGGRESSIVE;
				GCC_WARN_UNUSED_FUNCTION = YES;
				GCC_WARN_UNUSED_VARIABLE = YES;
				IPHONEOS_DEPLOYMENT_TARGET = 14.4;
				MTL_ENABLE_DEBUG_INFO = NO;
				MTL_FAST_MATH = YES;
				SDKROOT = iphoneos;
				SWIFT_COMPILATION_MODE = wholemodule;
				SWIFT_OPTIMIZATION_LEVEL = "-O";
				VALIDATE_PRODUCT = YES;
			};
			name = Release;
		};
		7804FC3A25E16C8B00C7C6D1 /* Debug */ = {
			isa = XCBuildConfiguration;
			baseConfigurationReference = 124CF3E015E97F4BD2178E0F /* Pods-flixter.debug.xcconfig */;
			buildSettings = {
				ASSETCATALOG_COMPILER_APPICON_NAME = AppIcon;
				ASSETCATALOG_COMPILER_GLOBAL_ACCENT_COLOR_NAME = AccentColor;
				CODE_SIGN_STYLE = Automatic;
				INFOPLIST_FILE = flixter/Info.plist;
				LD_RUNPATH_SEARCH_PATHS = (
					"$(inherited)",
					"@executable_path/Frameworks",
				);
				PRODUCT_BUNDLE_IDENTIFIER = unalee.flixter;
				PRODUCT_NAME = "$(TARGET_NAME)";
				SWIFT_VERSION = 5.0;
				TARGETED_DEVICE_FAMILY = "1,2";
			};
			name = Debug;
		};
		7804FC3B25E16C8B00C7C6D1 /* Release */ = {
			isa = XCBuildConfiguration;
			baseConfigurationReference = 8CE4EC82D1145332470DD4F6 /* Pods-flixter.release.xcconfig */;
			buildSettings = {
				ASSETCATALOG_COMPILER_APPICON_NAME = AppIcon;
				ASSETCATALOG_COMPILER_GLOBAL_ACCENT_COLOR_NAME = AccentColor;
				CODE_SIGN_STYLE = Automatic;
				INFOPLIST_FILE = flixter/Info.plist;
				LD_RUNPATH_SEARCH_PATHS = (
					"$(inherited)",
					"@executable_path/Frameworks",
				);
				PRODUCT_BUNDLE_IDENTIFIER = unalee.flixter;
				PRODUCT_NAME = "$(TARGET_NAME)";
				SWIFT_VERSION = 5.0;
				TARGETED_DEVICE_FAMILY = "1,2";
			};
			name = Release;
		};
		7804FC3D25E16C8B00C7C6D1 /* Debug */ = {
			isa = XCBuildConfiguration;
			baseConfigurationReference = 65CC8968358216C5EDD46375 /* Pods-flixterTests.debug.xcconfig */;
			buildSettings = {
				ALWAYS_EMBED_SWIFT_STANDARD_LIBRARIES = YES;
				BUNDLE_LOADER = "$(TEST_HOST)";
				CODE_SIGN_STYLE = Automatic;
				INFOPLIST_FILE = flixterTests/Info.plist;
				IPHONEOS_DEPLOYMENT_TARGET = 14.4;
				LD_RUNPATH_SEARCH_PATHS = (
					"$(inherited)",
					"@executable_path/Frameworks",
					"@loader_path/Frameworks",
				);
				PRODUCT_BUNDLE_IDENTIFIER = unalee.flixterTests;
				PRODUCT_NAME = "$(TARGET_NAME)";
				SWIFT_VERSION = 5.0;
				TARGETED_DEVICE_FAMILY = "1,2";
				TEST_HOST = "$(BUILT_PRODUCTS_DIR)/flixter.app/flixter";
			};
			name = Debug;
		};
		7804FC3E25E16C8B00C7C6D1 /* Release */ = {
			isa = XCBuildConfiguration;
			baseConfigurationReference = 406EFC496047FC3B3BC5224E /* Pods-flixterTests.release.xcconfig */;
			buildSettings = {
				ALWAYS_EMBED_SWIFT_STANDARD_LIBRARIES = YES;
				BUNDLE_LOADER = "$(TEST_HOST)";
				CODE_SIGN_STYLE = Automatic;
				INFOPLIST_FILE = flixterTests/Info.plist;
				IPHONEOS_DEPLOYMENT_TARGET = 14.4;
				LD_RUNPATH_SEARCH_PATHS = (
					"$(inherited)",
					"@executable_path/Frameworks",
					"@loader_path/Frameworks",
				);
				PRODUCT_BUNDLE_IDENTIFIER = unalee.flixterTests;
				PRODUCT_NAME = "$(TARGET_NAME)";
				SWIFT_VERSION = 5.0;
				TARGETED_DEVICE_FAMILY = "1,2";
				TEST_HOST = "$(BUILT_PRODUCTS_DIR)/flixter.app/flixter";
			};
			name = Release;
		};
		7804FC4025E16C8B00C7C6D1 /* Debug */ = {
			isa = XCBuildConfiguration;
			baseConfigurationReference = 814105683FE617712439C4C4 /* Pods-flixter-flixterUITests.debug.xcconfig */;
			buildSettings = {
				ALWAYS_EMBED_SWIFT_STANDARD_LIBRARIES = YES;
				CODE_SIGN_STYLE = Automatic;
				INFOPLIST_FILE = flixterUITests/Info.plist;
				LD_RUNPATH_SEARCH_PATHS = (
					"$(inherited)",
					"@executable_path/Frameworks",
					"@loader_path/Frameworks",
				);
				PRODUCT_BUNDLE_IDENTIFIER = unalee.flixterUITests;
				PRODUCT_NAME = "$(TARGET_NAME)";
				SWIFT_VERSION = 5.0;
				TARGETED_DEVICE_FAMILY = "1,2";
				TEST_TARGET_NAME = flixter;
			};
			name = Debug;
		};
		7804FC4125E16C8B00C7C6D1 /* Release */ = {
			isa = XCBuildConfiguration;
			baseConfigurationReference = 950E56E022F08D97A1E47166 /* Pods-flixter-flixterUITests.release.xcconfig */;
			buildSettings = {
				ALWAYS_EMBED_SWIFT_STANDARD_LIBRARIES = YES;
				CODE_SIGN_STYLE = Automatic;
				INFOPLIST_FILE = flixterUITests/Info.plist;
				LD_RUNPATH_SEARCH_PATHS = (
					"$(inherited)",
					"@executable_path/Frameworks",
					"@loader_path/Frameworks",
				);
				PRODUCT_BUNDLE_IDENTIFIER = unalee.flixterUITests;
				PRODUCT_NAME = "$(TARGET_NAME)";
				SWIFT_VERSION = 5.0;
				TARGETED_DEVICE_FAMILY = "1,2";
				TEST_TARGET_NAME = flixter;
			};
			name = Release;
		};
/* End XCBuildConfiguration section */

/* Begin XCConfigurationList section */
		7804FC0A25E16C8A00C7C6D1 /* Build configuration list for PBXProject "flixter" */ = {
			isa = XCConfigurationList;
			buildConfigurations = (
				7804FC3725E16C8B00C7C6D1 /* Debug */,
				7804FC3825E16C8B00C7C6D1 /* Release */,
			);
			defaultConfigurationIsVisible = 0;
			defaultConfigurationName = Release;
		};
		7804FC3925E16C8B00C7C6D1 /* Build configuration list for PBXNativeTarget "flixter" */ = {
			isa = XCConfigurationList;
			buildConfigurations = (
				7804FC3A25E16C8B00C7C6D1 /* Debug */,
				7804FC3B25E16C8B00C7C6D1 /* Release */,
			);
			defaultConfigurationIsVisible = 0;
			defaultConfigurationName = Release;
		};
		7804FC3C25E16C8B00C7C6D1 /* Build configuration list for PBXNativeTarget "flixterTests" */ = {
			isa = XCConfigurationList;
			buildConfigurations = (
				7804FC3D25E16C8B00C7C6D1 /* Debug */,
				7804FC3E25E16C8B00C7C6D1 /* Release */,
			);
			defaultConfigurationIsVisible = 0;
			defaultConfigurationName = Release;
		};
		7804FC3F25E16C8B00C7C6D1 /* Build configuration list for PBXNativeTarget "flixterUITests" */ = {
			isa = XCConfigurationList;
			buildConfigurations = (
				7804FC4025E16C8B00C7C6D1 /* Debug */,
				7804FC4125E16C8B00C7C6D1 /* Release */,
			);
			defaultConfigurationIsVisible = 0;
			defaultConfigurationName = Release;
		};
/* End XCConfigurationList section */
	};
	rootObject = 7804FC0725E16C8A00C7C6D1 /* Project object */;
}
